
Microsoft Visual Studio Solution File, Format Version 12.00
# Visual Studio Version 17
VisualStudioVersion = 17.0.31903.59
MinimumVisualStudioVersion = 10.0.40219.1
Project("{2150E333-8FDC-42A3-9474-1A3956D46DE8}") = "src", "src", "{B7D26C6F-A01B-4D1E-8D6F-63ADAFEAF180}"
EndProject
Project("{FAE04EC0-301F-11D3-BF4B-00C04F79EFBC}") = "Api", "src\Api\Api.csproj", "{4C5BE4D2-7B61-4803-B234-43E51BC7704E}"
EndProject
Project("{FAE04EC0-301F-11D3-BF4B-00C04F79EFBC}") = "SharedKernel", "src\SharedKernel\SharedKernel.csproj", "{F5CEC3F0-D065-4C1E-8B40-34F39C526CC3}"
EndProject
Project("{FAE04EC0-301F-11D3-BF4B-00C04F79EFBC}") = "Infrastructure", "src\Infrastructure\Infrastructure.csproj", "{1145FA7B-89E1-4312-AC30-DC73612DD1CE}"
EndProject
Project("{2150E333-8FDC-42A3-9474-1A3956D46DE8}") = "Modules", "Modules", "{9BDD05C9-A60B-44CD-9422-9FFC4C8E46E7}"
EndProject
Project("{FAE04EC0-301F-11D3-BF4B-00C04F79EFBC}") = "Modules.Auth", "src\Modules\Auth\Modules.Auth.csproj", "{28427A0E-0E81-4F2B-A71F-2065605AC076}"
EndProject
Project("{FAE04EC0-301F-11D3-BF4B-00C04F79EFBC}") = "Modules.Tenants", "src\Modules\Tenants\Modules.Tenants.csproj", "{8E584219-BAC1-43AF-B17E-867E3D55F354}"
EndProject
Project("{FAE04EC0-301F-11D3-BF4B-00C04F79EFBC}") = "Modules.Catalog", "src\Modules\Catalog\Modules.Catalog.csproj", "{98A03F3D-9445-46CB-8CE1-519DA2320FE9}"
EndProject
Project("{FAE04EC0-301F-11D3-BF4B-00C04F79EFBC}") = "Modules.Inventory", "src\Modules\Inventory\Modules.Inventory.csproj", "{3C0749A5-5BB7-4809-9717-82BDD095D538}"
EndProject
Project("{FAE04EC0-301F-11D3-BF4B-00C04F79EFBC}") = "Modules.Sales", "src\Modules\Sales\Modules.Sales.csproj", "{536DF868-A75B-4786-94B0-5BCC61209DFF}"
EndProject
Project("{FAE04EC0-301F-11D3-BF4B-00C04F79EFBC}") = "Modules.Customers", "src\Modules\Customers\Modules.Customers.csproj", "{7B105D9E-56DF-413F-B2B4-F935C5088AF2}"
EndProject
Project("{FAE04EC0-301F-11D3-BF4B-00C04F79EFBC}") = "Modules.Uniforms", "src\Modules\Uniforms\Modules.Uniforms.csproj", "{B3A2DEC5-C5F7-44FD-BBC2-D715D5D66938}"
EndProject
Project("{FAE04EC0-301F-11D3-BF4B-00C04F79EFBC}") = "Modules.ECommerce", "src\Modules\ECommerce\Modules.ECommerce.csproj", "{2D233CFF-8692-4780-AC4E-92D3A2EA3768}"
EndProject
Project("{FAE04EC0-301F-11D3-BF4B-00C04F79EFBC}") = "Modules.Reporting", "src\Modules\Reporting\Modules.Reporting.csproj", "{39826851-D7C0-4556-BDEB-9492C752ACAF}"
EndProject
Project("{FAE04EC0-301F-11D3-BF4B-00C04F79EFBC}") = "Modules.Notifications", "src\Modules\Notifications\Modules.Notifications.csproj", "{663DA7B3-4336-4CFC-82C5-E71D7ED8B72A}"
EndProject
Project("{FAE04EC0-301F-11D3-BF4B-00C04F79EFBC}") = "Modules.Settings", "src\Modules\Settings\Modules.Settings.csproj", "{468A4998-CA60-4A95-84E7-98D587FE8704}"
EndProject
Project("{2150E333-8FDC-42A3-9474-1A3956D46DE8}") = "tests", "tests", "{301AD771-FFC9-495F-8EAE-2349B224094E}"
EndProject
Project("{FAE04EC0-301F-11D3-BF4B-00C04F79EFBC}") = "RetailPlatform.Tests.Unit", "tests\unit\RetailPlatform.Tests.Unit.csproj", "{1380BDCC-6D73-4CFE-B2AC-48F4EDA98B2E}"
EndProject
Project("{FAE04EC0-301F-11D3-BF4B-00C04F79EFBC}") = "RetailPlatform.Tests.Integration", "tests\integration\RetailPlatform.Tests.Integration.csproj", "{7D1478B7-7400-4B21-9EC5-99433773834F}"
EndProject
Global
	GlobalSection(SolutionConfigurationPlatforms) = preSolution
		Debug|Any CPU = Debug|Any CPU
		Release|Any CPU = Release|Any CPU
	EndGlobalSection
	GlobalSection(SolutionProperties) = preSolution
		HideSolutionNode = FALSE
	EndGlobalSection
	GlobalSection(ProjectConfigurationPlatforms) = postSolution
		{4C5BE4D2-7B61-4803-B234-43E51BC7704E}.Debug|Any CPU.ActiveCfg = Debug|Any CPU
		{4C5BE4D2-7B61-4803-B234-43E51BC7704E}.Debug|Any CPU.Build.0 = Debug|Any CPU
		{4C5BE4D2-7B61-4803-B234-43E51BC7704E}.Release|Any CPU.ActiveCfg = Release|Any CPU
		{4C5BE4D2-7B61-4803-B234-43E51BC7704E}.Release|Any CPU.Build.0 = Release|Any CPU
		{F5CEC3F0-D065-4C1E-8B40-34F39C526CC3}.Debug|Any CPU.ActiveCfg = Debug|Any CPU
		{F5CEC3F0-D065-4C1E-8B40-34F39C526CC3}.Debug|Any CPU.Build.0 = Debug|Any CPU
		{F5CEC3F0-D065-4C1E-8B40-34F39C526CC3}.Release|Any CPU.ActiveCfg = Release|Any CPU
		{F5CEC3F0-D065-4C1E-8B40-34F39C526CC3}.Release|Any CPU.Build.0 = Release|Any CPU
		{1145FA7B-89E1-4312-AC30-DC73612DD1CE}.Debug|Any CPU.ActiveCfg = Debug|Any CPU
		{1145FA7B-89E1-4312-AC30-DC73612DD1CE}.Debug|Any CPU.Build.0 = Debug|Any CPU
		{1145FA7B-89E1-4312-AC30-DC73612DD1CE}.Release|Any CPU.ActiveCfg = Release|Any CPU
		{1145FA7B-89E1-4312-AC30-DC73612DD1CE}.Release|Any CPU.Build.0 = Release|Any CPU
		{28427A0E-0E81-4F2B-A71F-2065605AC076}.Debug|Any CPU.ActiveCfg = Debug|Any CPU
		{28427A0E-0E81-4F2B-A71F-2065605AC076}.Debug|Any CPU.Build.0 = Debug|Any CPU
		{28427A0E-0E81-4F2B-A71F-2065605AC076}.Release|Any CPU.ActiveCfg = Release|Any CPU
		{28427A0E-0E81-4F2B-A71F-2065605AC076}.Release|Any CPU.Build.0 = Release|Any CPU
		{8E584219-BAC1-43AF-B17E-867E3D55F354}.Debug|Any CPU.ActiveCfg = Debug|Any CPU
		{8E584219-BAC1-43AF-B17E-867E3D55F354}.Debug|Any CPU.Build.0 = Debug|Any CPU
		{8E584219-BAC1-43AF-B17E-867E3D55F354}.Release|Any CPU.ActiveCfg = Release|Any CPU
		{8E584219-BAC1-43AF-B17E-867E3D55F354}.Release|Any CPU.Build.0 = Release|Any CPU
		{98A03F3D-9445-46CB-8CE1-519DA2320FE9}.Debug|Any CPU.ActiveCfg = Debug|Any CPU
		{98A03F3D-9445-46CB-8CE1-519DA2320FE9}.Debug|Any CPU.Build.0 = Debug|Any CPU
		{98A03F3D-9445-46CB-8CE1-519DA2320FE9}.Release|Any CPU.ActiveCfg = Release|Any CPU
		{98A03F3D-9445-46CB-8CE1-519DA2320FE9}.Release|Any CPU.Build.0 = Release|Any CPU
		{3C0749A5-5BB7-4809-9717-82BDD095D538}.Debug|Any CPU.ActiveCfg = Debug|Any CPU
		{3C0749A5-5BB7-4809-9717-82BDD095D538}.Debug|Any CPU.Build.0 = Debug|Any CPU
		{3C0749A5-5BB7-4809-9717-82BDD095D538}.Release|Any CPU.ActiveCfg = Release|Any CPU
		{3C0749A5-5BB7-4809-9717-82BDD095D538}.Release|Any CPU.Build.0 = Release|Any CPU
		{536DF868-A75B-4786-94B0-5BCC61209DFF}.Debug|Any CPU.ActiveCfg = Debug|Any CPU
		{536DF868-A75B-4786-94B0-5BCC61209DFF}.Debug|Any CPU.Build.0 = Debug|Any CPU
		{536DF868-A75B-4786-94B0-5BCC61209DFF}.Release|Any CPU.ActiveCfg = Release|Any CPU
		{536DF868-A75B-4786-94B0-5BCC61209DFF}.Release|Any CPU.Build.0 = Release|Any CPU
		{7B105D9E-56DF-413F-B2B4-F935C5088AF2}.Debug|Any CPU.ActiveCfg = Debug|Any CPU
		{7B105D9E-56DF-413F-B2B4-F935C5088AF2}.Debug|Any CPU.Build.0 = Debug|Any CPU
		{7B105D9E-56DF-413F-B2B4-F935C5088AF2}.Release|Any CPU.ActiveCfg = Release|Any CPU
		{7B105D9E-56DF-413F-B2B4-F935C5088AF2}.Release|Any CPU.Build.0 = Release|Any CPU
		{B3A2DEC5-C5F7-44FD-BBC2-D715D5D66938}.Debug|Any CPU.ActiveCfg = Debug|Any CPU
		{B3A2DEC5-C5F7-44FD-BBC2-D715D5D66938}.Debug|Any CPU.Build.0 = Debug|Any CPU
		{B3A2DEC5-C5F7-44FD-BBC2-D715D5D66938}.Release|Any CPU.ActiveCfg = Release|Any CPU
		{B3A2DEC5-C5F7-44FD-BBC2-D715D5D66938}.Release|Any CPU.Build.0 = Release|Any CPU
		{2D233CFF-8692-4780-AC4E-92D3A2EA3768}.Debug|Any CPU.ActiveCfg = Debug|Any CPU
		{2D233CFF-8692-4780-AC4E-92D3A2EA3768}.Debug|Any CPU.Build.0 = Debug|Any CPU
		{2D233CFF-8692-4780-AC4E-92D3A2EA3768}.Release|Any CPU.ActiveCfg = Release|Any CPU
		{2D233CFF-8692-4780-AC4E-92D3A2EA3768}.Release|Any CPU.Build.0 = Release|Any CPU
		{39826851-D7C0-4556-BDEB-9492C752ACAF}.Debug|Any CPU.ActiveCfg = Debug|Any CPU
		{39826851-D7C0-4556-BDEB-9492C752ACAF}.Debug|Any CPU.Build.0 = Debug|Any CPU
		{39826851-D7C0-4556-BDEB-9492C752ACAF}.Release|Any CPU.ActiveCfg = Release|Any CPU
		{39826851-D7C0-4556-BDEB-9492C752ACAF}.Release|Any CPU.Build.0 = Release|Any CPU
		{663DA7B3-4336-4CFC-82C5-E71D7ED8B72A}.Debug|Any CPU.ActiveCfg = Debug|Any CPU
		{663DA7B3-4336-4CFC-82C5-E71D7ED8B72A}.Debug|Any CPU.Build.0 = Debug|Any CPU
		{663DA7B3-4336-4CFC-82C5-E71D7ED8B72A}.Release|Any CPU.ActiveCfg = Release|Any CPU
		{663DA7B3-4336-4CFC-82C5-E71D7ED8B72A}.Release|Any CPU.Build.0 = Release|Any CPU
		{468A4998-CA60-4A95-84E7-98D587FE8704}.Debug|Any CPU.ActiveCfg = Debug|Any CPU
		{468A4998-CA60-4A95-84E7-98D587FE8704}.Debug|Any CPU.Build.0 = Debug|Any CPU
		{468A4998-CA60-4A95-84E7-98D587FE8704}.Release|Any CPU.ActiveCfg = Release|Any CPU
		{468A4998-CA60-4A95-84E7-98D587FE8704}.Release|Any CPU.Build.0 = Release|Any CPU
		{1380BDCC-6D73-4CFE-B2AC-48F4EDA98B2E}.Debug|Any CPU.ActiveCfg = Debug|Any CPU
		{1380BDCC-6D73-4CFE-B2AC-48F4EDA98B2E}.Debug|Any CPU.Build.0 = Debug|Any CPU
		{1380BDCC-6D73-4CFE-B2AC-48F4EDA98B2E}.Release|Any CPU.ActiveCfg = Release|Any CPU
		{1380BDCC-6D73-4CFE-B2AC-48F4EDA98B2E}.Release|Any CPU.Build.0 = Release|Any CPU
		{7D1478B7-7400-4B21-9EC5-99433773834F}.Debug|Any CPU.ActiveCfg = Debug|Any CPU
		{7D1478B7-7400-4B21-9EC5-99433773834F}.Debug|Any CPU.Build.0 = Debug|Any CPU
		{7D1478B7-7400-4B21-9EC5-99433773834F}.Release|Any CPU.ActiveCfg = Release|Any CPU
		{7D1478B7-7400-4B21-9EC5-99433773834F}.Release|Any CPU.Build.0 = Release|Any CPU
	EndGlobalSection
	GlobalSection(NestedProjects) = preSolution
		{4C5BE4D2-7B61-4803-B234-43E51BC7704E} = {B7D26C6F-A01B-4D1E-8D6F-63ADAFEAF180}
		{F5CEC3F0-D065-4C1E-8B40-34F39C526CC3} = {B7D26C6F-A01B-4D1E-8D6F-63ADAFEAF180}
		{1145FA7B-89E1-4312-AC30-DC73612DD1CE} = {B7D26C6F-A01B-4D1E-8D6F-63ADAFEAF180}
		{9BDD05C9-A60B-44CD-9422-9FFC4C8E46E7} = {B7D26C6F-A01B-4D1E-8D6F-63ADAFEAF180}
		{28427A0E-0E81-4F2B-A71F-2065605AC076} = {9BDD05C9-A60B-44CD-9422-9FFC4C8E46E7}
		{8E584219-BAC1-43AF-B17E-867E3D55F354} = {9BDD05C9-A60B-44CD-9422-9FFC4C8E46E7}
		{98A03F3D-9445-46CB-8CE1-519DA2320FE9} = {9BDD05C9-A60B-44CD-9422-9FFC4C8E46E7}
		{3C0749A5-5BB7-4809-9717-82BDD095D538} = {9BDD05C9-A60B-44CD-9422-9FFC4C8E46E7}
		{536DF868-A75B-4786-94B0-5BCC61209DFF} = {9BDD05C9-A60B-44CD-9422-9FFC4C8E46E7}
		{7B105D9E-56DF-413F-B2B4-F935C5088AF2} = {9BDD05C9-A60B-44CD-9422-9FFC4C8E46E7}
		{B3A2DEC5-C5F7-44FD-BBC2-D715D5D66938} = {9BDD05C9-A60B-44CD-9422-9FFC4C8E46E7}
		{2D233CFF-8692-4780-AC4E-92D3A2EA3768} = {9BDD05C9-A60B-44CD-9422-9FFC4C8E46E7}
		{39826851-D7C0-4556-BDEB-9492C752ACAF} = {9BDD05C9-A60B-44CD-9422-9FFC4C8E46E7}
		{663DA7B3-4336-4CFC-82C5-E71D7ED8B72A} = {9BDD05C9-A60B-44CD-9422-9FFC4C8E46E7}
		{468A4998-CA60-4A95-84E7-98D587FE8704} = {9BDD05C9-A60B-44CD-9422-9FFC4C8E46E7}
		{1380BDCC-6D73-4CFE-B2AC-48F4EDA98B2E} = {301AD771-FFC9-495F-8EAE-2349B224094E}
		{7D1478B7-7400-4B21-9EC5-99433773834F} = {301AD771-FFC9-495F-8EAE-2349B224094E}
	EndGlobalSection
EndGlobal
